{
  "name": "preload",
  "lockfileVersion": 3,
  "requires": true,
  "packages": {
    "": {
      "name": "preload",
      "dependencies": {
        "systeminformation": "^5.22.0"
      }
    },
    "node_modules/systeminformation": {
      "version": "5.30.3",
      "resolved": "https://registry.npmjs.org/systeminformation/-/systeminformation-5.30.3.tgz",
      "integrity": "sha512-NgHJUpA+y7j4asLQa9jgBt+Eb2piyQIXQ+YjOyd2K0cHNwbNJ6I06F5afOqOiaCuV/wrEyGrb0olg4aFLlJD+A==",
      "license": "MIT",
      "os": [
        "darwin",
        "linux",
        "win32",
        "freebsd",
        "openbsd",
        "netbsd",
        "sunos",
        "android"
      ],
      "bin": {
        "systeminformation": "lib/cli.js"
      },
      "engines": {
        "node": ">=8.0.0"
      },
      "funding": {
        "type": "Buy me a coffee",
        "url": "https://www.buymeacoffee.com/systeminfo"
      }
    }
  }
}
